
Microsoft Visual Studio Solution File, Format Version 12.00
# Visual Studio Version 16
VisualStudioVersion = 16.0.30621.155
MinimumVisualStudioVersion = 10.0.40219.1
Project("{FAE04EC0-301F-11D3-BF4B-00C04F79EFBC}") = "MercadoVisual", "MercadoVisual.csproj", "{F30592AB-7E17-4850-A77A-7630FA1751E0}"
EndProject
Global
	GlobalSection(SolutionConfigurationPlatforms) = preSolution
		Debug|Any CPU = Debug|Any CPU
		Release|Any CPU = Release|Any CPU
	EndGlobalSection
	GlobalSection(ProjectConfigurationPlatforms) = postSolution
		{F30592AB-7E17-4850-A77A-7630FA1751E0}.Debug|Any CPU.ActiveCfg = Debug|Any CPU
		{F30592AB-7E17-4850-A77A-7630FA1751E0}.Debug|Any CPU.Build.0 = Debug|Any CPU
		{F30592AB-7E17-4850-A77A-7630FA1751E0}.Release|Any CPU.ActiveCfg = Release|Any CPU
		{F30592AB-7E17-4850-A77A-7630FA1751E0}.Release|Any CPU.Build.0 = Release|Any CPU
	EndGlobalSection
	GlobalSection(SolutionProperties) = preSolution
		HideSolutionNode = FALSE
	EndGlobalSection
	GlobalSection(ExtensibilityGlobals) = postSolution
		SolutionGuid = {C93CB5D5-F5E3-48FA-8A18-D8654CDB95A2}
	EndGlobalSection
EndGlobal
